
Microsoft Visual Studio Solution File, Format Version 12.00
Project("{FAE04EC0-301F-11D3-BF4B-00C04F79EFBC}") = "WritingFunctions", "WritingFunctions\WritingFunctions.csproj", "{DB20AB2E-B212-48E1-ABAF-476E6D6B630A}"
EndProject
Global
	GlobalSection(SolutionConfigurationPlatforms) = preSolution
		Debug|Any CPU = Debug|Any CPU
		Release|Any CPU = Release|Any CPU
	EndGlobalSection
	GlobalSection(ProjectConfigurationPlatforms) = postSolution
		{DB20AB2E-B212-48E1-ABAF-476E6D6B630A}.Debug|Any CPU.ActiveCfg = Debug|Any CPU
		{DB20AB2E-B212-48E1-ABAF-476E6D6B630A}.Debug|Any CPU.Build.0 = Debug|Any CPU
		{DB20AB2E-B212-48E1-ABAF-476E6D6B630A}.Release|Any CPU.ActiveCfg = Release|Any CPU
		{DB20AB2E-B212-48E1-ABAF-476E6D6B630A}.Release|Any CPU.Build.0 = Release|Any CPU
	EndGlobalSection
EndGlobal
